
Microsoft Visual Studio Solution File, Format Version 12.00
Project("{FAE04EC0-301F-11D3-BF4B-00C04F79EFBC}") = "LearnEFByProject", "LearnEFByProject\LearnEFByProject.csproj", "{E78AA988-620B-4DD1-A404-B6446DDD0488}"
EndProject
Global
	GlobalSection(SolutionConfigurationPlatforms) = preSolution
		Debug|Any CPU = Debug|Any CPU
		Release|Any CPU = Release|Any CPU
	EndGlobalSection
	GlobalSection(ProjectConfigurationPlatforms) = postSolution
		{E78AA988-620B-4DD1-A404-B6446DDD0488}.Debug|Any CPU.ActiveCfg = Debug|Any CPU
		{E78AA988-620B-4DD1-A404-B6446DDD0488}.Debug|Any CPU.Build.0 = Debug|Any CPU
		{E78AA988-620B-4DD1-A404-B6446DDD0488}.Release|Any CPU.ActiveCfg = Release|Any CPU
		{E78AA988-620B-4DD1-A404-B6446DDD0488}.Release|Any CPU.Build.0 = Release|Any CPU
	EndGlobalSection
EndGlobal
